
Microsoft Visual Studio Solution File, Format Version 12.00
# Visual Studio 15
VisualStudioVersion = 15.0.26730.16
MinimumVisualStudioVersion = 10.0.40219.1
Project("{FAE04EC0-301F-11D3-BF4B-00C04F79EFBC}") = "Arctouch.Movies.Common", "Arctouch.Movies.Common\Arctouch.Movies.Common.csproj", "{E3DE5459-5F42-4E14-99EA-EEA518A56114}"
EndProject
Project("{FAE04EC0-301F-11D3-BF4B-00C04F79EFBC}") = "Arctouch.Movies.Services", "Arctouch.Movies.Services\Arctouch.Movies.Services.csproj", "{2AA30AA6-6F19-4079-90EA-B50FB60DA927}"
EndProject
Project("{2150E333-8FDC-42A3-9474-1A3956D46DE8}") = "ArctouchMovies.Tests", "ArctouchMovies.Tests", "{F3391312-C38C-4C48-8A7A-D5D268630AB5}"
EndProject
Project("{2150E333-8FDC-42A3-9474-1A3956D46DE8}") = "ArctouchMovies.Core", "ArctouchMovies.Core", "{C8BED388-20B3-46EC-A2AF-B10004BA1AD5}"
EndProject
Project("{FAE04EC0-301F-11D3-BF4B-00C04F79EFBC}") = "Arctouch.Movies.Managers", "Arctouch.Movies.Managers\Arctouch.Movies.Managers.csproj", "{4FFB3366-DD5F-45F3-B6BB-4A3487F84F19}"
EndProject
Project("{FAE04EC0-301F-11D3-BF4B-00C04F79EFBC}") = "Arctouch.Movies.UI", "Arctouch.Movies.UI\Arctouch.Movies.UI\Arctouch.Movies.UI.csproj", "{87D6943C-5464-4521-BD22-3938EBB4B686}"
EndProject
Project("{FAE04EC0-301F-11D3-BF4B-00C04F79EFBC}") = "Arctouch.Movies.UI.Droid", "Arctouch.Movies.UI\Arctouch.Movies.UI.Droid\Arctouch.Movies.UI.Droid.csproj", "{A074A418-E298-49A1-963D-9341A96A0B31}"
EndProject
Project("{FAE04EC0-301F-11D3-BF4B-00C04F79EFBC}") = "Arctouch.Movies.UI.iOS", "Arctouch.Movies.UI\Arctouch.Movies.UI.iOS\Arctouch.Movies.UI.iOS.csproj", "{C52B8F9F-196B-4659-9336-B0D4D6DCC5B3}"
EndProject
Project("{2150E333-8FDC-42A3-9474-1A3956D46DE8}") = "ArctouchMovies.UI", "ArctouchMovies.UI", "{5DA1741B-C79A-4306-844A-5D484948772F}"
EndProject
Project("{FAE04EC0-301F-11D3-BF4B-00C04F79EFBC}") = "Arctouch.Movies.Config", "Arctouch.Movies.Config\Arctouch.Movies.Config.csproj", "{049DDC74-F801-48EF-9455-E196CBEA0BC7}"
EndProject
Project("{FAE04EC0-301F-11D3-BF4B-00C04F79EFBC}") = "Arctouch.Movies.Services.Tests", "Arctouch.Movies.Services.Tests\Arctouch.Movies.Services.Tests.csproj", "{63DAEEEB-656F-4E05-B601-30DBED60E845}"
EndProject
Project("{FAE04EC0-301F-11D3-BF4B-00C04F79EFBC}") = "Arctouch.Movies.Managers.Tests", "Arctouch.Movies.Managers.Tests\Arctouch.Movies.Managers.Tests.csproj", "{6E616D88-F884-47C2-9576-F8B7EA59A634}"
EndProject
Global
	GlobalSection(SolutionConfigurationPlatforms) = preSolution
		Ad-Hoc|Any CPU = Ad-Hoc|Any CPU
		Ad-Hoc|iPhone = Ad-Hoc|iPhone
		Ad-Hoc|iPhoneSimulator = Ad-Hoc|iPhoneSimulator
		AppStore|Any CPU = AppStore|Any CPU
		AppStore|iPhone = AppStore|iPhone
		AppStore|iPhoneSimulator = AppStore|iPhoneSimulator
		Debug|Any CPU = Debug|Any CPU
		Debug|iPhone = Debug|iPhone
		Debug|iPhoneSimulator = Debug|iPhoneSimulator
		Release|Any CPU = Release|Any CPU
		Release|iPhone = Release|iPhone
		Release|iPhoneSimulator = Release|iPhoneSimulator
	EndGlobalSection
	GlobalSection(ProjectConfigurationPlatforms) = postSolution
		{E3DE5459-5F42-4E14-99EA-EEA518A56114}.Ad-Hoc|Any CPU.ActiveCfg = Release|Any CPU
		{E3DE5459-5F42-4E14-99EA-EEA518A56114}.Ad-Hoc|Any CPU.Build.0 = Release|Any CPU
		{E3DE5459-5F42-4E14-99EA-EEA518A56114}.Ad-Hoc|iPhone.ActiveCfg = Release|Any CPU
		{E3DE5459-5F42-4E14-99EA-EEA518A56114}.Ad-Hoc|iPhone.Build.0 = Release|Any CPU
		{E3DE5459-5F42-4E14-99EA-EEA518A56114}.Ad-Hoc|iPhoneSimulator.ActiveCfg = Release|Any CPU
		{E3DE5459-5F42-4E14-99EA-EEA518A56114}.Ad-Hoc|iPhoneSimulator.Build.0 = Release|Any CPU
		{E3DE5459-5F42-4E14-99EA-EEA518A56114}.AppStore|Any CPU.ActiveCfg = Release|Any CPU
		{E3DE5459-5F42-4E14-99EA-EEA518A56114}.AppStore|Any CPU.Build.0 = Release|Any CPU
		{E3DE5459-5F42-4E14-99EA-EEA518A56114}.AppStore|iPhone.ActiveCfg = Release|Any CPU
		{E3DE5459-5F42-4E14-99EA-EEA518A56114}.AppStore|iPhone.Build.0 = Release|Any CPU
		{E3DE5459-5F42-4E14-99EA-EEA518A56114}.AppStore|iPhoneSimulator.ActiveCfg = Release|Any CPU
		{E3DE5459-5F42-4E14-99EA-EEA518A56114}.AppStore|iPhoneSimulator.Build.0 = Release|Any CPU
		{E3DE5459-5F42-4E14-99EA-EEA518A56114}.Debug|Any CPU.ActiveCfg = Debug|Any CPU
		{E3DE5459-5F42-4E14-99EA-EEA518A56114}.Debug|Any CPU.Build.0 = Debug|Any CPU
		{E3DE5459-5F42-4E14-99EA-EEA518A56114}.Debug|iPhone.ActiveCfg = Debug|Any CPU
		{E3DE5459-5F42-4E14-99EA-EEA518A56114}.Debug|iPhone.Build.0 = Debug|Any CPU
		{E3DE5459-5F42-4E14-99EA-EEA518A56114}.Debug|iPhoneSimulator.ActiveCfg = Debug|Any CPU
		{E3DE5459-5F42-4E14-99EA-EEA518A56114}.Debug|iPhoneSimulator.Build.0 = Debug|Any CPU
		{E3DE5459-5F42-4E14-99EA-EEA518A56114}.Release|Any CPU.ActiveCfg = Release|Any CPU
		{E3DE5459-5F42-4E14-99EA-EEA518A56114}.Release|Any CPU.Build.0 = Release|Any CPU
		{E3DE5459-5F42-4E14-99EA-EEA518A56114}.Release|iPhone.ActiveCfg = Release|Any CPU
		{E3DE5459-5F42-4E14-99EA-EEA518A56114}.Release|iPhone.Build.0 = Release|Any CPU
		{E3DE5459-5F42-4E14-99EA-EEA518A56114}.Release|iPhoneSimulator.ActiveCfg = Release|Any CPU
		{E3DE5459-5F42-4E14-99EA-EEA518A56114}.Release|iPhoneSimulator.Build.0 = Release|Any CPU
		{2AA30AA6-6F19-4079-90EA-B50FB60DA927}.Ad-Hoc|Any CPU.ActiveCfg = Release|Any CPU
		{2AA30AA6-6F19-4079-90EA-B50FB60DA927}.Ad-Hoc|Any CPU.Build.0 = Release|Any CPU
		{2AA30AA6-6F19-4079-90EA-B50FB60DA927}.Ad-Hoc|iPhone.ActiveCfg = Release|Any CPU
		{2AA30AA6-6F19-4079-90EA-B50FB60DA927}.Ad-Hoc|iPhone.Build.0 = Release|Any CPU
		{2AA30AA6-6F19-4079-90EA-B50FB60DA927}.Ad-Hoc|iPhoneSimulator.ActiveCfg = Release|Any CPU
		{2AA30AA6-6F19-4079-90EA-B50FB60DA927}.Ad-Hoc|iPhoneSimulator.Build.0 = Release|Any CPU
		{2AA30AA6-6F19-4079-90EA-B50FB60DA927}.AppStore|Any CPU.ActiveCfg = Release|Any CPU
		{2AA30AA6-6F19-4079-90EA-B50FB60DA927}.AppStore|Any CPU.Build.0 = Release|Any CPU
		{2AA30AA6-6F19-4079-90EA-B50FB60DA927}.AppStore|iPhone.ActiveCfg = Release|Any CPU
		{2AA30AA6-6F19-4079-90EA-B50FB60DA927}.AppStore|iPhone.Build.0 = Release|Any CPU
		{2AA30AA6-6F19-4079-90EA-B50FB60DA927}.AppStore|iPhoneSimulator.ActiveCfg = Release|Any CPU
		{2AA30AA6-6F19-4079-90EA-B50FB60DA927}.AppStore|iPhoneSimulator.Build.0 = Release|Any CPU
		{2AA30AA6-6F19-4079-90EA-B50FB60DA927}.Debug|Any CPU.ActiveCfg = Debug|Any CPU
		{2AA30AA6-6F19-4079-90EA-B50FB60DA927}.Debug|Any CPU.Build.0 = Debug|Any CPU
		{2AA30AA6-6F19-4079-90EA-B50FB60DA927}.Debug|iPhone.ActiveCfg = Debug|Any CPU
		{2AA30AA6-6F19-4079-90EA-B50FB60DA927}.Debug|iPhone.Build.0 = Debug|Any CPU
		{2AA30AA6-6F19-4079-90EA-B50FB60DA927}.Debug|iPhoneSimulator.ActiveCfg = Debug|Any CPU
		{2AA30AA6-6F19-4079-90EA-B50FB60DA927}.Debug|iPhoneSimulator.Build.0 = Debug|Any CPU
		{2AA30AA6-6F19-4079-90EA-B50FB60DA927}.Release|Any CPU.ActiveCfg = Release|Any CPU
		{2AA30AA6-6F19-4079-90EA-B50FB60DA927}.Release|Any CPU.Build.0 = Release|Any CPU
		{2AA30AA6-6F19-4079-90EA-B50FB60DA927}.Release|iPhone.ActiveCfg = Release|Any CPU
		{2AA30AA6-6F19-4079-90EA-B50FB60DA927}.Release|iPhone.Build.0 = Release|Any CPU
		{2AA30AA6-6F19-4079-90EA-B50FB60DA927}.Release|iPhoneSimulator.ActiveCfg = Release|Any CPU
		{2AA30AA6-6F19-4079-90EA-B50FB60DA927}.Release|iPhoneSimulator.Build.0 = Release|Any CPU
		{4FFB3366-DD5F-45F3-B6BB-4A3487F84F19}.Ad-Hoc|Any CPU.ActiveCfg = Release|Any CPU
		{4FFB3366-DD5F-45F3-B6BB-4A3487F84F19}.Ad-Hoc|Any CPU.Build.0 = Release|Any CPU
		{4FFB3366-DD5F-45F3-B6BB-4A3487F84F19}.Ad-Hoc|iPhone.ActiveCfg = Release|Any CPU
		{4FFB3366-DD5F-45F3-B6BB-4A3487F84F19}.Ad-Hoc|iPhone.Build.0 = Release|Any CPU
		{4FFB3366-DD5F-45F3-B6BB-4A3487F84F19}.Ad-Hoc|iPhoneSimulator.ActiveCfg = Release|Any CPU
		{4FFB3366-DD5F-45F3-B6BB-4A3487F84F19}.Ad-Hoc|iPhoneSimulator.Build.0 = Release|Any CPU
		{4FFB3366-DD5F-45F3-B6BB-4A3487F84F19}.AppStore|Any CPU.ActiveCfg = Release|Any CPU
		{4FFB3366-DD5F-45F3-B6BB-4A3487F84F19}.AppStore|Any CPU.Build.0 = Release|Any CPU
		{4FFB3366-DD5F-45F3-B6BB-4A3487F84F19}.AppStore|iPhone.ActiveCfg = Release|Any CPU
		{4FFB3366-DD5F-45F3-B6BB-4A3487F84F19}.AppStore|iPhone.Build.0 = Release|Any CPU
		{4FFB3366-DD5F-45F3-B6BB-4A3487F84F19}.AppStore|iPhoneSimulator.ActiveCfg = Release|Any CPU
		{4FFB3366-DD5F-45F3-B6BB-4A3487F84F19}.AppStore|iPhoneSimulator.Build.0 = Release|Any CPU
		{4FFB3366-DD5F-45F3-B6BB-4A3487F84F19}.Debug|Any CPU.ActiveCfg = Debug|Any CPU
		{4FFB3366-DD5F-45F3-B6BB-4A3487F84F19}.Debug|Any CPU.Build.0 = Debug|Any CPU
		{4FFB3366-DD5F-45F3-B6BB-4A3487F84F19}.Debug|iPhone.ActiveCfg = Debug|Any CPU
		{4FFB3366-DD5F-45F3-B6BB-4A3487F84F19}.Debug|iPhone.Build.0 = Debug|Any CPU
		{4FFB3366-DD5F-45F3-B6BB-4A3487F84F19}.Debug|iPhoneSimulator.ActiveCfg = Debug|Any CPU
		{4FFB3366-DD5F-45F3-B6BB-4A3487F84F19}.Debug|iPhoneSimulator.Build.0 = Debug|Any CPU
		{4FFB3366-DD5F-45F3-B6BB-4A3487F84F19}.Release|Any CPU.ActiveCfg = Release|Any CPU
		{4FFB3366-DD5F-45F3-B6BB-4A3487F84F19}.Release|Any CPU.Build.0 = Release|Any CPU
		{4FFB3366-DD5F-45F3-B6BB-4A3487F84F19}.Release|iPhone.ActiveCfg = Release|Any CPU
		{4FFB3366-DD5F-45F3-B6BB-4A3487F84F19}.Release|iPhone.Build.0 = Release|Any CPU
		{4FFB3366-DD5F-45F3-B6BB-4A3487F84F19}.Release|iPhoneSimulator.ActiveCfg = Release|Any CPU
		{4FFB3366-DD5F-45F3-B6BB-4A3487F84F19}.Release|iPhoneSimulator.Build.0 = Release|Any CPU
		{87D6943C-5464-4521-BD22-3938EBB4B686}.Ad-Hoc|Any CPU.ActiveCfg = Release|Any CPU
		{87D6943C-5464-4521-BD22-3938EBB4B686}.Ad-Hoc|Any CPU.Build.0 = Release|Any CPU
		{87D6943C-5464-4521-BD22-3938EBB4B686}.Ad-Hoc|iPhone.ActiveCfg = Release|Any CPU
		{87D6943C-5464-4521-BD22-3938EBB4B686}.Ad-Hoc|iPhone.Build.0 = Release|Any CPU
		{87D6943C-5464-4521-BD22-3938EBB4B686}.Ad-Hoc|iPhoneSimulator.ActiveCfg = Release|Any CPU
		{87D6943C-5464-4521-BD22-3938EBB4B686}.Ad-Hoc|iPhoneSimulator.Build.0 = Release|Any CPU
		{87D6943C-5464-4521-BD22-3938EBB4B686}.AppStore|Any CPU.ActiveCfg = Release|Any CPU
		{87D6943C-5464-4521-BD22-3938EBB4B686}.AppStore|Any CPU.Build.0 = Release|Any CPU
		{87D6943C-5464-4521-BD22-3938EBB4B686}.AppStore|iPhone.ActiveCfg = Release|Any CPU
		{87D6943C-5464-4521-BD22-3938EBB4B686}.AppStore|iPhone.Build.0 = Release|Any CPU
		{87D6943C-5464-4521-BD22-3938EBB4B686}.AppStore|iPhoneSimulator.ActiveCfg = Release|Any CPU
		{87D6943C-5464-4521-BD22-3938EBB4B686}.AppStore|iPhoneSimulator.Build.0 = Release|Any CPU
		{87D6943C-5464-4521-BD22-3938EBB4B686}.Debug|Any CPU.ActiveCfg = Debug|Any CPU
		{87D6943C-5464-4521-BD22-3938EBB4B686}.Debug|Any CPU.Build.0 = Debug|Any CPU
		{87D6943C-5464-4521-BD22-3938EBB4B686}.Debug|iPhone.ActiveCfg = Debug|Any CPU
		{87D6943C-5464-4521-BD22-3938EBB4B686}.Debug|iPhone.Build.0 = Debug|Any CPU
		{87D6943C-5464-4521-BD22-3938EBB4B686}.Debug|iPhoneSimulator.ActiveCfg = Debug|Any CPU
		{87D6943C-5464-4521-BD22-3938EBB4B686}.Debug|iPhoneSimulator.Build.0 = Debug|Any CPU
		{87D6943C-5464-4521-BD22-3938EBB4B686}.Release|Any CPU.ActiveCfg = Release|Any CPU
		{87D6943C-5464-4521-BD22-3938EBB4B686}.Release|Any CPU.Build.0 = Release|Any CPU
		{87D6943C-5464-4521-BD22-3938EBB4B686}.Release|iPhone.ActiveCfg = Release|Any CPU
		{87D6943C-5464-4521-BD22-3938EBB4B686}.Release|iPhone.Build.0 = Release|Any CPU
		{87D6943C-5464-4521-BD22-3938EBB4B686}.Release|iPhoneSimulator.ActiveCfg = Release|Any CPU
		{87D6943C-5464-4521-BD22-3938EBB4B686}.Release|iPhoneSimulator.Build.0 = Release|Any CPU
		{A074A418-E298-49A1-963D-9341A96A0B31}.Ad-Hoc|Any CPU.ActiveCfg = Release|Any CPU
		{A074A418-E298-49A1-963D-9341A96A0B31}.Ad-Hoc|Any CPU.Build.0 = Release|Any CPU
		{A074A418-E298-49A1-963D-9341A96A0B31}.Ad-Hoc|Any CPU.Deploy.0 = Release|Any CPU
		{A074A418-E298-49A1-963D-9341A96A0B31}.Ad-Hoc|iPhone.ActiveCfg = Release|Any CPU
		{A074A418-E298-49A1-963D-9341A96A0B31}.Ad-Hoc|iPhone.Build.0 = Release|Any CPU
		{A074A418-E298-49A1-963D-9341A96A0B31}.Ad-Hoc|iPhone.Deploy.0 = Release|Any CPU
		{A074A418-E298-49A1-963D-9341A96A0B31}.Ad-Hoc|iPhoneSimulator.ActiveCfg = Release|Any CPU
		{A074A418-E298-49A1-963D-9341A96A0B31}.Ad-Hoc|iPhoneSimulator.Build.0 = Release|Any CPU
		{A074A418-E298-49A1-963D-9341A96A0B31}.Ad-Hoc|iPhoneSimulator.Deploy.0 = Release|Any CPU
		{A074A418-E298-49A1-963D-9341A96A0B31}.AppStore|Any CPU.ActiveCfg = Release|Any CPU
		{A074A418-E298-49A1-963D-9341A96A0B31}.AppStore|Any CPU.Build.0 = Release|Any CPU
		{A074A418-E298-49A1-963D-9341A96A0B31}.AppStore|Any CPU.Deploy.0 = Release|Any CPU
		{A074A418-E298-49A1-963D-9341A96A0B31}.AppStore|iPhone.ActiveCfg = Release|Any CPU
		{A074A418-E298-49A1-963D-9341A96A0B31}.AppStore|iPhone.Build.0 = Release|Any CPU
		{A074A418-E298-49A1-963D-9341A96A0B31}.AppStore|iPhone.Deploy.0 = Release|Any CPU
		{A074A418-E298-49A1-963D-9341A96A0B31}.AppStore|iPhoneSimulator.ActiveCfg = Release|Any CPU
		{A074A418-E298-49A1-963D-9341A96A0B31}.AppStore|iPhoneSimulator.Build.0 = Release|Any CPU
		{A074A418-E298-49A1-963D-9341A96A0B31}.AppStore|iPhoneSimulator.Deploy.0 = Release|Any CPU
		{A074A418-E298-49A1-963D-9341A96A0B31}.Debug|Any CPU.ActiveCfg = Debug|Any CPU
		{A074A418-E298-49A1-963D-9341A96A0B31}.Debug|Any CPU.Build.0 = Debug|Any CPU
		{A074A418-E298-49A1-963D-9341A96A0B31}.Debug|Any CPU.Deploy.0 = Debug|Any CPU
		{A074A418-E298-49A1-963D-9341A96A0B31}.Debug|iPhone.ActiveCfg = Debug|Any CPU
		{A074A418-E298-49A1-963D-9341A96A0B31}.Debug|iPhone.Build.0 = Debug|Any CPU
		{A074A418-E298-49A1-963D-9341A96A0B31}.Debug|iPhone.Deploy.0 = Debug|Any CPU
		{A074A418-E298-49A1-963D-9341A96A0B31}.Debug|iPhoneSimulator.ActiveCfg = Debug|Any CPU
		{A074A418-E298-49A1-963D-9341A96A0B31}.Debug|iPhoneSimulator.Build.0 = Debug|Any CPU
		{A074A418-E298-49A1-963D-9341A96A0B31}.Debug|iPhoneSimulator.Deploy.0 = Debug|Any CPU
		{A074A418-E298-49A1-963D-9341A96A0B31}.Release|Any CPU.ActiveCfg = Release|Any CPU
		{A074A418-E298-49A1-963D-9341A96A0B31}.Release|Any CPU.Build.0 = Release|Any CPU
		{A074A418-E298-49A1-963D-9341A96A0B31}.Release|Any CPU.Deploy.0 = Release|Any CPU
		{A074A418-E298-49A1-963D-9341A96A0B31}.Release|iPhone.ActiveCfg = Release|Any CPU
		{A074A418-E298-49A1-963D-9341A96A0B31}.Release|iPhone.Build.0 = Release|Any CPU
		{A074A418-E298-49A1-963D-9341A96A0B31}.Release|iPhone.Deploy.0 = Release|Any CPU
		{A074A418-E298-49A1-963D-9341A96A0B31}.Release|iPhoneSimulator.ActiveCfg = Release|Any CPU
		{A074A418-E298-49A1-963D-9341A96A0B31}.Release|iPhoneSimulator.Build.0 = Release|Any CPU
		{A074A418-E298-49A1-963D-9341A96A0B31}.Release|iPhoneSimulator.Deploy.0 = Release|Any CPU
		{C52B8F9F-196B-4659-9336-B0D4D6DCC5B3}.Ad-Hoc|Any CPU.ActiveCfg = Ad-Hoc|iPhone
		{C52B8F9F-196B-4659-9336-B0D4D6DCC5B3}.Ad-Hoc|iPhone.ActiveCfg = Ad-Hoc|iPhone
		{C52B8F9F-196B-4659-9336-B0D4D6DCC5B3}.Ad-Hoc|iPhone.Build.0 = Ad-Hoc|iPhone
		{C52B8F9F-196B-4659-9336-B0D4D6DCC5B3}.Ad-Hoc|iPhoneSimulator.ActiveCfg = Ad-Hoc|iPhoneSimulator
		{C52B8F9F-196B-4659-9336-B0D4D6DCC5B3}.Ad-Hoc|iPhoneSimulator.Build.0 = Ad-Hoc|iPhoneSimulator
		{C52B8F9F-196B-4659-9336-B0D4D6DCC5B3}.AppStore|Any CPU.ActiveCfg = AppStore|iPhone
		{C52B8F9F-196B-4659-9336-B0D4D6DCC5B3}.AppStore|iPhone.ActiveCfg = AppStore|iPhone
		{C52B8F9F-196B-4659-9336-B0D4D6DCC5B3}.AppStore|iPhone.Build.0 = AppStore|iPhone
		{C52B8F9F-196B-4659-9336-B0D4D6DCC5B3}.AppStore|iPhoneSimulator.ActiveCfg = AppStore|iPhoneSimulator
		{C52B8F9F-196B-4659-9336-B0D4D6DCC5B3}.AppStore|iPhoneSimulator.Build.0 = AppStore|iPhoneSimulator
		{C52B8F9F-196B-4659-9336-B0D4D6DCC5B3}.Debug|Any CPU.ActiveCfg = Debug|iPhone
		{C52B8F9F-196B-4659-9336-B0D4D6DCC5B3}.Debug|iPhone.ActiveCfg = Debug|iPhone
		{C52B8F9F-196B-4659-9336-B0D4D6DCC5B3}.Debug|iPhone.Build.0 = Debug|iPhone
		{C52B8F9F-196B-4659-9336-B0D4D6DCC5B3}.Debug|iPhoneSimulator.ActiveCfg = Debug|iPhoneSimulator
		{C52B8F9F-196B-4659-9336-B0D4D6DCC5B3}.Debug|iPhoneSimulator.Build.0 = Debug|iPhoneSimulator
		{C52B8F9F-196B-4659-9336-B0D4D6DCC5B3}.Release|Any CPU.ActiveCfg = Release|iPhone
		{C52B8F9F-196B-4659-9336-B0D4D6DCC5B3}.Release|iPhone.ActiveCfg = Release|iPhone
		{C52B8F9F-196B-4659-9336-B0D4D6DCC5B3}.Release|iPhone.Build.0 = Release|iPhone
		{C52B8F9F-196B-4659-9336-B0D4D6DCC5B3}.Release|iPhoneSimulator.ActiveCfg = Release|iPhoneSimulator
		{C52B8F9F-196B-4659-9336-B0D4D6DCC5B3}.Release|iPhoneSimulator.Build.0 = Release|iPhoneSimulator
		{049DDC74-F801-48EF-9455-E196CBEA0BC7}.Ad-Hoc|Any CPU.ActiveCfg = Release|Any CPU
		{049DDC74-F801-48EF-9455-E196CBEA0BC7}.Ad-Hoc|Any CPU.Build.0 = Release|Any CPU
		{049DDC74-F801-48EF-9455-E196CBEA0BC7}.Ad-Hoc|iPhone.ActiveCfg = Release|Any CPU
		{049DDC74-F801-48EF-9455-E196CBEA0BC7}.Ad-Hoc|iPhone.Build.0 = Release|Any CPU
		{049DDC74-F801-48EF-9455-E196CBEA0BC7}.Ad-Hoc|iPhoneSimulator.ActiveCfg = Release|Any CPU
		{049DDC74-F801-48EF-9455-E196CBEA0BC7}.Ad-Hoc|iPhoneSimulator.Build.0 = Release|Any CPU
		{049DDC74-F801-48EF-9455-E196CBEA0BC7}.AppStore|Any CPU.ActiveCfg = Release|Any CPU
		{049DDC74-F801-48EF-9455-E196CBEA0BC7}.AppStore|Any CPU.Build.0 = Release|Any CPU
		{049DDC74-F801-48EF-9455-E196CBEA0BC7}.AppStore|iPhone.ActiveCfg = Release|Any CPU
		{049DDC74-F801-48EF-9455-E196CBEA0BC7}.AppStore|iPhone.Build.0 = Release|Any CPU
		{049DDC74-F801-48EF-9455-E196CBEA0BC7}.AppStore|iPhoneSimulator.ActiveCfg = Release|Any CPU
		{049DDC74-F801-48EF-9455-E196CBEA0BC7}.AppStore|iPhoneSimulator.Build.0 = Release|Any CPU
		{049DDC74-F801-48EF-9455-E196CBEA0BC7}.Debug|Any CPU.ActiveCfg = Debug|Any CPU
		{049DDC74-F801-48EF-9455-E196CBEA0BC7}.Debug|Any CPU.Build.0 = Debug|Any CPU
		{049DDC74-F801-48EF-9455-E196CBEA0BC7}.Debug|iPhone.ActiveCfg = Debug|Any CPU
		{049DDC74-F801-48EF-9455-E196CBEA0BC7}.Debug|iPhone.Build.0 = Debug|Any CPU
		{049DDC74-F801-48EF-9455-E196CBEA0BC7}.Debug|iPhoneSimulator.ActiveCfg = Debug|Any CPU
		{049DDC74-F801-48EF-9455-E196CBEA0BC7}.Debug|iPhoneSimulator.Build.0 = Debug|Any CPU
		{049DDC74-F801-48EF-9455-E196CBEA0BC7}.Release|Any CPU.ActiveCfg = Release|Any CPU
		{049DDC74-F801-48EF-9455-E196CBEA0BC7}.Release|Any CPU.Build.0 = Release|Any CPU
		{049DDC74-F801-48EF-9455-E196CBEA0BC7}.Release|iPhone.ActiveCfg = Release|Any CPU
		{049DDC74-F801-48EF-9455-E196CBEA0BC7}.Release|iPhone.Build.0 = Release|Any CPU
		{049DDC74-F801-48EF-9455-E196CBEA0BC7}.Release|iPhoneSimulator.ActiveCfg = Release|Any CPU
		{049DDC74-F801-48EF-9455-E196CBEA0BC7}.Release|iPhoneSimulator.Build.0 = Release|Any CPU
		{63DAEEEB-656F-4E05-B601-30DBED60E845}.Ad-Hoc|Any CPU.ActiveCfg = Release|Any CPU
		{63DAEEEB-656F-4E05-B601-30DBED60E845}.Ad-Hoc|Any CPU.Build.0 = Release|Any CPU
		{63DAEEEB-656F-4E05-B601-30DBED60E845}.Ad-Hoc|iPhone.ActiveCfg = Release|Any CPU
		{63DAEEEB-656F-4E05-B601-30DBED60E845}.Ad-Hoc|iPhone.Build.0 = Release|Any CPU
		{63DAEEEB-656F-4E05-B601-30DBED60E845}.Ad-Hoc|iPhoneSimulator.ActiveCfg = Release|Any CPU
		{63DAEEEB-656F-4E05-B601-30DBED60E845}.Ad-Hoc|iPhoneSimulator.Build.0 = Release|Any CPU
		{63DAEEEB-656F-4E05-B601-30DBED60E845}.AppStore|Any CPU.ActiveCfg = Release|Any CPU
		{63DAEEEB-656F-4E05-B601-30DBED60E845}.AppStore|Any CPU.Build.0 = Release|Any CPU
		{63DAEEEB-656F-4E05-B601-30DBED60E845}.AppStore|iPhone.ActiveCfg = Release|Any CPU
		{63DAEEEB-656F-4E05-B601-30DBED60E845}.AppStore|iPhone.Build.0 = Release|Any CPU
		{63DAEEEB-656F-4E05-B601-30DBED60E845}.AppStore|iPhoneSimulator.ActiveCfg = Release|Any CPU
		{63DAEEEB-656F-4E05-B601-30DBED60E845}.AppStore|iPhoneSimulator.Build.0 = Release|Any CPU
		{63DAEEEB-656F-4E05-B601-30DBED60E845}.Debug|Any CPU.ActiveCfg = Debug|Any CPU
		{63DAEEEB-656F-4E05-B601-30DBED60E845}.Debug|Any CPU.Build.0 = Debug|Any CPU
		{63DAEEEB-656F-4E05-B601-30DBED60E845}.Debug|iPhone.ActiveCfg = Debug|Any CPU
		{63DAEEEB-656F-4E05-B601-30DBED60E845}.Debug|iPhone.Build.0 = Debug|Any CPU
		{63DAEEEB-656F-4E05-B601-30DBED60E845}.Debug|iPhoneSimulator.ActiveCfg = Debug|Any CPU
		{63DAEEEB-656F-4E05-B601-30DBED60E845}.Debug|iPhoneSimulator.Build.0 = Debug|Any CPU
		{63DAEEEB-656F-4E05-B601-30DBED60E845}.Release|Any CPU.ActiveCfg = Release|Any CPU
		{63DAEEEB-656F-4E05-B601-30DBED60E845}.Release|Any CPU.Build.0 = Release|Any CPU
		{63DAEEEB-656F-4E05-B601-30DBED60E845}.Release|iPhone.ActiveCfg = Release|Any CPU
		{63DAEEEB-656F-4E05-B601-30DBED60E845}.Release|iPhone.Build.0 = Release|Any CPU
		{63DAEEEB-656F-4E05-B601-30DBED60E845}.Release|iPhoneSimulator.ActiveCfg = Release|Any CPU
		{63DAEEEB-656F-4E05-B601-30DBED60E845}.Release|iPhoneSimulator.Build.0 = Release|Any CPU
		{6E616D88-F884-47C2-9576-F8B7EA59A634}.Ad-Hoc|Any CPU.ActiveCfg = Release|Any CPU
		{6E616D88-F884-47C2-9576-F8B7EA59A634}.Ad-Hoc|Any CPU.Build.0 = Release|Any CPU
		{6E616D88-F884-47C2-9576-F8B7EA59A634}.Ad-Hoc|iPhone.ActiveCfg = Release|Any CPU
		{6E616D88-F884-47C2-9576-F8B7EA59A634}.Ad-Hoc|iPhone.Build.0 = Release|Any CPU
		{6E616D88-F884-47C2-9576-F8B7EA59A634}.Ad-Hoc|iPhoneSimulator.ActiveCfg = Release|Any CPU
		{6E616D88-F884-47C2-9576-F8B7EA59A634}.Ad-Hoc|iPhoneSimulator.Build.0 = Release|Any CPU
		{6E616D88-F884-47C2-9576-F8B7EA59A634}.AppStore|Any CPU.ActiveCfg = Release|Any CPU
		{6E616D88-F884-47C2-9576-F8B7EA59A634}.AppStore|Any CPU.Build.0 = Release|Any CPU
		{6E616D88-F884-47C2-9576-F8B7EA59A634}.AppStore|iPhone.ActiveCfg = Release|Any CPU
		{6E616D88-F884-47C2-9576-F8B7EA59A634}.AppStore|iPhone.Build.0 = Release|Any CPU
		{6E616D88-F884-47C2-9576-F8B7EA59A634}.AppStore|iPhoneSimulator.ActiveCfg = Release|Any CPU
		{6E616D88-F884-47C2-9576-F8B7EA59A634}.AppStore|iPhoneSimulator.Build.0 = Release|Any CPU
		{6E616D88-F884-47C2-9576-F8B7EA59A634}.Debug|Any CPU.ActiveCfg = Debug|Any CPU
		{6E616D88-F884-47C2-9576-F8B7EA59A634}.Debug|Any CPU.Build.0 = Debug|Any CPU
		{6E616D88-F884-47C2-9576-F8B7EA59A634}.Debug|iPhone.ActiveCfg = Debug|Any CPU
		{6E616D88-F884-47C2-9576-F8B7EA59A634}.Debug|iPhone.Build.0 = Debug|Any CPU
		{6E616D88-F884-47C2-9576-F8B7EA59A634}.Debug|iPhoneSimulator.ActiveCfg = Debug|Any CPU
		{6E616D88-F884-47C2-9576-F8B7EA59A634}.Debug|iPhoneSimulator.Build.0 = Debug|Any CPU
		{6E616D88-F884-47C2-9576-F8B7EA59A634}.Release|Any CPU.ActiveCfg = Release|Any CPU
		{6E616D88-F884-47C2-9576-F8B7EA59A634}.Release|Any CPU.Build.0 = Release|Any CPU
		{6E616D88-F884-47C2-9576-F8B7EA59A634}.Release|iPhone.ActiveCfg = Release|Any CPU
		{6E616D88-F884-47C2-9576-F8B7EA59A634}.Release|iPhone.Build.0 = Release|Any CPU
		{6E616D88-F884-47C2-9576-F8B7EA59A634}.Release|iPhoneSimulator.ActiveCfg = Release|Any CPU
		{6E616D88-F884-47C2-9576-F8B7EA59A634}.Release|iPhoneSimulator.Build.0 = Release|Any CPU
	EndGlobalSection
	GlobalSection(SolutionProperties) = preSolution
		HideSolutionNode = FALSE
	EndGlobalSection
	GlobalSection(NestedProjects) = preSolution
		{E3DE5459-5F42-4E14-99EA-EEA518A56114} = {C8BED388-20B3-46EC-A2AF-B10004BA1AD5}
		{2AA30AA6-6F19-4079-90EA-B50FB60DA927} = {C8BED388-20B3-46EC-A2AF-B10004BA1AD5}
		{4FFB3366-DD5F-45F3-B6BB-4A3487F84F19} = {C8BED388-20B3-46EC-A2AF-B10004BA1AD5}
		{87D6943C-5464-4521-BD22-3938EBB4B686} = {5DA1741B-C79A-4306-844A-5D484948772F}
		{A074A418-E298-49A1-963D-9341A96A0B31} = {5DA1741B-C79A-4306-844A-5D484948772F}
		{C52B8F9F-196B-4659-9336-B0D4D6DCC5B3} = {5DA1741B-C79A-4306-844A-5D484948772F}
		{049DDC74-F801-48EF-9455-E196CBEA0BC7} = {C8BED388-20B3-46EC-A2AF-B10004BA1AD5}
		{63DAEEEB-656F-4E05-B601-30DBED60E845} = {F3391312-C38C-4C48-8A7A-D5D268630AB5}
		{6E616D88-F884-47C2-9576-F8B7EA59A634} = {F3391312-C38C-4C48-8A7A-D5D268630AB5}
	EndGlobalSection
	GlobalSection(ExtensibilityGlobals) = postSolution
		SolutionGuid = {7762EA11-89B2-4E32-9715-FD67BB65A589}
	EndGlobalSection
EndGlobal
